// !$*UTF8*$!
{
	archiveVersion = 1;
	classes = {
	};
	objectVersion = 46;
	objects = {

/* Begin PBXBuildFile section */
		FC32ACD91DF41F1B0020A7E9 /* AppDelegate.swift in Sources */ = {isa = PBXBuildFile; fileRef = FC32ACD81DF41F1B0020A7E9 /* AppDelegate.swift */; };
		FC32ACDB1DF41F1B0020A7E9 /* ViewController.swift in Sources */ = {isa = PBXBuildFile; fileRef = FC32ACDA1DF41F1B0020A7E9 /* ViewController.swift */; };
		FC32ACDE1DF41F1B0020A7E9 /* Main.storyboard in Resources */ = {isa = PBXBuildFile; fileRef = FC32ACDC1DF41F1B0020A7E9 /* Main.storyboard */; };
		FC32ACE01DF41F1B0020A7E9 /* Assets.xcassets in Resources */ = {isa = PBXBuildFile; fileRef = FC32ACDF1DF41F1B0020A7E9 /* Assets.xcassets */; };
		FC32ACE31DF41F1B0020A7E9 /* LaunchScreen.storyboard in Resources */ = {isa = PBXBuildFile; fileRef = FC32ACE11DF41F1B0020A7E9 /* LaunchScreen.storyboard */; };
/* End PBXBuildFile section */

/* Begin PBXFileReference section */
		FC32ACD51DF41F1B0020A7E9 /* test.app */ = {isa = PBXFileReference; explicitFileType = wrapper.application; includeInIndex = 0; path = test.app; sourceTree = BUILT_PRODUCTS_DIR; };
		FC32ACD81DF41F1B0020A7E9 /* AppDelegate.swift */ = {isa = PBXFileReference; lastKnownFileType = sourcecode.swift; path = AppDelegate.swift; sourceTree = "<group>"; };
		FC32ACDA1DF41F1B0020A7E9 /* ViewController.swift */ = {isa = PBXFileReference; lastKnownFileType = sourcecode.swift; path = ViewController.swift; sourceTree = "<group>"; };
		FC32ACDD1DF41F1B0020A7E9 /* Base */ = {isa = PBXFileReference; lastKnownFileType = file.storyboard; name = Base; path = Base.lproj/Main.storyboard; sourceTree = "<group>"; };
		FC32ACDF1DF41F1B0020A7E9 /* Assets.xcassets */ = {isa = PBXFileReference; lastKnownFileType = folder.assetcatalog; path = Assets.xcassets; sourceTree = "<group>"; };
		FC32ACE21DF41F1B0020A7E9 /* Base */ = {isa = PBXFileReference; lastKnownFileType = file.storyboard; name = Base; path = Base.lproj/LaunchScreen.storyboard; sourceTree = "<group>"; };
		FC32ACE41DF41F1B0020A7E9 /* Info.plist */ = {isa = PBXFileReference; lastKnownFileType = text.plist.xml; path = Info.plist; sourceTree = "<group>"; };
/* End PBXFileReference section */

/* Begin PBXFrameworksBuildPhase section */
		FC32ACD21DF41F1A0020A7E9 /* Frameworks */ = {
			isa = PBXFrameworksBuildPhase;
			buildActionMask = 2147483647;
			files = (
			);
			runOnlyForDeploymentPostprocessing = 0;
		};
/* End PBXFrameworksBuildPhase section */

/* Begin PBXGroup section */
		FC32ACCC1DF41F1A0020A7E9 = {
			isa = PBXGroup;
			children = (
				FC32ACD71DF41F1B0020A7E9 /* test */,
				FC32ACD61DF41F1B0020A7E9 /* Products */,
			);
			sourceTree = "<group>";
		};
		FC32ACD61DF41F1B0020A7E9 /* Products */ = {
			isa = PBXGroup;
			children = (
				FC32ACD51DF41F1B0020A7E9 /* test.app */,
			);
			name = Products;
			sourceTree = "<group>";
		};
		FC32ACD71DF41F1B0020A7E9 /* test */ = {
			isa = PBXGroup;
			children = (
				FC32ACD81DF41F1B0020A7E9 /* AppDelegate.swift */,
				FC32ACDA1DF41F1B0020A7E9 /* ViewController.swift */,
				FC32ACDC1DF41F1B0020A7E9 /* Main.storyboard */,
				FC32ACDF1DF41F1B0020A7E9 /* Assets.xcassets */,
				FC32ACE11DF41F1B0020A7E9 /* LaunchScreen.storyboard */,
				FC32ACE41DF41F1B0020A7E9 /* Info.plist */,
			);
			path = test;
			sourceTree = "<group>";
		};
/* End PBXGroup section */

/* Begin PBXNativeTarget section */
		FC32ACD41DF41F1A0020A7E9 /* test */ = {
			isa = PBXNativeTarget;
			buildConfigurationList = FC32ACE71DF41F1B0020A7E9 /* Build configuration list for PBXNativeTarget "test" */;
			buildPhases = (
				FC32ACD11DF41F1A0020A7E9 /* Sources */,
				FC32ACD21DF41F1A0020A7E9 /* Frameworks */,
				FC32ACD31DF41F1A0020A7E9 /* Resources */,
			);
			buildRules = (
			);
			dependencies = (
			);
			name = test;
			productName = test;
			productReference = FC32ACD51DF41F1B0020A7E9 /* test.app */;
			productType = "com.apple.product-type.application";
		};
/* End PBXNativeTarget section */

/* Begin PBXProject section */
		FC32ACCD1DF41F1A0020A7E9 /* Project object */ = {
			isa = PBXProject;
			attributes = {
				LastSwiftUpdateCheck = 0810;
				LastUpgradeCheck = 0810;
				ORGANIZATIONNAME = "Atıl Samancıoğlu";
				TargetAttributes = {
					FC32ACD41DF41F1A0020A7E9 = {
						CreatedOnToolsVersion = 8.1;
						DevelopmentTeam = 7CZ8CAJJXF;
						ProvisioningStyle = Automatic;
					};
				};
			};
			buildConfigurationList = FC32ACD01DF41F1A0020A7E9 /* Build configuration list for PBXProject "test" */;
			compatibilityVersion = "Xcode 3.2";
			developmentRegion = English;
			hasScannedForEncodings = 0;
			knownRegions = (
				en,
				Base,
			);
			mainGroup = FC32ACCC1DF41F1A0020A7E9;
			productRefGroup = FC32ACD61DF41F1B0020A7E9 /* Products */;
			projectDirPath = "";
			projectRoot = "";
			targets = (
				FC32ACD41DF41F1A0020A7E9 /* test */,
			);
		};
/* End PBXProject section */

/* Begin PBXResourcesBuildPhase section */
		FC32ACD31DF41F1A0020A7E9 /* Resources */ = {
			isa = PBXResourcesBuildPhase;
			buildActionMask = 2147483647;
			files = (
				FC32ACE31DF41F1B0020A7E9 /* LaunchScreen.storyboard in Resources */,
				FC32ACE01DF41F1B0020A7E9 /* Assets.xcassets in Resources */,
				FC32ACDE1DF41F1B0020A7E9 /* Main.storyboard in Resources */,
			);
			runOnlyForDeploymentPostprocessing = 0;
		};
/* End PBXResourcesBuildPhase section */

/* Begin PBXSourcesBuildPhase section */
		FC32ACD11DF41F1A0020A7E9 /* Sources */ = {
			isa = PBXSourcesBuildPhase;
			buildActionMask = 2147483647;
			files = (
				FC32ACDB1DF41F1B0020A7E9 /* ViewController.swift in Sources */,
				FC32ACD91DF41F1B0020A7E9 /* AppDelegate.swift in Sources */,
			);
			runOnlyForDeploymentPostprocessing = 0;
		};
/* End PBXSourcesBuildPhase section */

/* Begin PBXVariantGroup section */
		FC32ACDC1DF41F1B0020A7E9 /* Main.storyboard */ = {
			isa = PBXVariantGroup;
			children = (
				FC32ACDD1DF41F1B0020A7E9 /* Base */,
			);
			name = Main.storyboard;
			sourceTree = "<group>";
		};
		FC32ACE11DF41F1B0020A7E9 /* LaunchScreen.storyboard */ = {
			isa = PBXVariantGroup;
			children = (
				FC32ACE21DF41F1B0020A7E9 /* Base */,
			);
			name = LaunchScreen.storyboard;
			sourceTree = "<group>";
		};
/* End PBXVariantGroup section */

/* Begin XCBuildConfiguration section */
		FC32ACE51DF41F1B0020A7E9 /* Debug */ = {
			isa = XCBuildConfiguration;
			buildSettings = {
				ALWAYS_SEARCH_USER_PATHS = NO;
				CLANG_ANALYZER_NONNULL = YES;
				CLANG_CXX_LANGUAGE_STANDARD = "gnu++0x";
				CLANG_CXX_LIBRARY = "libc++";
				CLANG_ENABLE_MODULES = YES;
				CLANG_ENABLE_OBJC_ARC = YES;
				CLANG_WARN_BOOL_CONVERSION = YES;
				CLANG_WARN_CONSTANT_CONVERSION = YES;
				CLANG_WARN_DIRECT_OBJC_ISA_USAGE = YES_ERROR;
				CLANG_WARN_DOCUMENTATION_COMMENTS = YES;
				CLANG_WARN_EMPTY_BODY = YES;
				CLANG_WARN_ENUM_CONVERSION = YES;
				CLANG_WARN_INFINITE_RECURSION = YES;
				CLANG_WARN_INT_CONVERSION = YES;
				CLANG_WARN_OBJC_ROOT_CLASS = YES_ERROR;
				CLANG_WARN_SUSPICIOUS_MOVES = YES;
				CLANG_WARN_UNREACHABLE_CODE = YES;
				CLANG_WARN__DUPLICATE_METHOD_MATCH = YES;
				"CODE_SIGN_IDENTITY[sdk=iphoneos*]" = "iPhone Developer";
				COPY_PHASE_STRIP = NO;
				DEBUG_INFORMATION_FORMAT = dwarf;
				ENABLE_STRICT_OBJC_MSGSEND = YES;
				ENABLE_TESTABILITY = YES;
				GCC_C_LANGUAGE_STANDARD = gnu99;
				GCC_DYNAMIC_NO_PIC = NO;
				GCC_NO_COMMON_BLOCKS = YES;
				GCC_OPTIMIZATION_LEVEL = 0;
				GCC_PREPROCESSOR_DEFINITIONS = (
					"DEBUG=1",
					"$(inherited)",
				);
				GCC_WARN_64_TO_32_BIT_CONVERSION = YES;
				GCC_WARN_ABOUT_RETURN_TYPE = YES_ERROR;
				GCC_WARN_UNDECLARED_SELECTOR = YES;
				GCC_WARN_UNINITIALIZED_AUTOS = YES_AGGRESSIVE;
				GCC_WARN_UNUSED_FUNCTION = YES;
				GCC_WARN_UNUSED_VARIABLE = YES;
				IPHONEOS_DEPLOYMENT_TARGET = 10.1;
				MTL_ENABLE_DEBUG_INFO = YES;
				ONLY_ACTIVE_ARCH = YES;
				SDKROOT = iphoneos;
				SWIFT_ACTIVE_COMPILATION_CONDITIONS = DEBUG;
				SWIFT_OPTIMIZATION_LEVEL = "-Onone";
				TARGETED_DEVICE_FAMILY = "1,2";
			};
			name = Debug;
		};
		FC32ACE61DF41F1B0020A7E9 /* Release */ = {
			isa = XCBuildConfiguration;
			buildSettings = {
				ALWAYS_SEARCH_USER_PATHS = NO;
				CLANG_ANALYZER_NONNULL = YES;
				CLANG_CXX_LANGUAGE_STANDARD = "gnu++0x";
				CLANG_CXX_LIBRARY = "libc++";
				CLANG_ENABLE_MODULES = YES;
				CLANG_ENABLE_OBJC_ARC = YES;
				CLANG_WARN_BOOL_CONVERSION = YES;
				CLANG_WARN_CONSTANT_CONVERSION = YES;
				CLANG_WARN_DIRECT_OBJC_ISA_USAGE = YES_ERROR;
				CLANG_WARN_DOCUMENTATION_COMMENTS = YES;
				CLANG_WARN_EMPTY_BODY = YES;
				CLANG_WARN_ENUM_CONVERSION = YES;
				CLANG_WARN_INFINITE_RECURSION = YES;
				CLANG_WARN_INT_CONVERSION = YES;
				CLANG_WARN_OBJC_ROOT_CLASS = YES_ERROR;
				CLANG_WARN_SUSPICIOUS_MOVES = YES;
				CLANG_WARN_UNREACHABLE_CODE = YES;
				CLANG_WARN__DUPLICATE_METHOD_MATCH = YES;
				"CODE_SIGN_IDENTITY[sdk=iphoneos*]" = "iPhone Developer";
				COPY_PHASE_STRIP = NO;
				DEBUG_INFORMATION_FORMAT = "dwarf-with-dsym";
				ENABLE_NS_ASSERTIONS = NO;
				ENABLE_STRICT_OBJC_MSGSEND = YES;
				GCC_C_LANGUAGE_STANDARD = gnu99;
				GCC_NO_COMMON_BLOCKS = YES;
				GCC_WARN_64_TO_32_BIT_CONVERSION = YES;
				GCC_WARN_ABOUT_RETURN_TYPE = YES_ERROR;
				GCC_WARN_UNDECLARED_SELECTOR = YES;
				GCC_WARN_UNINITIALIZED_AUTOS = YES_AGGRESSIVE;
				GCC_WARN_UNUSED_FUNCTION = YES;
				GCC_WARN_UNUSED_VARIABLE = YES;
				IPHONEOS_DEPLOYMENT_TARGET = 10.1;
				MTL_ENABLE_DEBUG_INFO = NO;
				SDKROOT = iphoneos;
				SWIFT_OPTIMIZATION_LEVEL = "-Owholemodule";
				TARGETED_DEVICE_FAMILY = "1,2";
				VALIDATE_PRODUCT = YES;
			};
			name = Release;
		};
		FC32ACE81DF41F1B0020A7E9 /* Debug */ = {
			isa = XCBuildConfiguration;
			buildSettings = {
				ASSETCATALOG_COMPILER_APPICON_NAME = AppIcon;
				DEVELOPMENT_TEAM = 7CZ8CAJJXF;
				INFOPLIST_FILE = test/Info.plist;
				LD_RUNPATH_SEARCH_PATHS = "$(inherited) @executable_path/Frameworks";
				PRODUCT_BUNDLE_IDENTIFIER = com.atilsamancioglu.test;
				PRODUCT_NAME = "$(TARGET_NAME)";
				SWIFT_VERSION = 3.0;
			};
			name = Debug;
		};
		FC32ACE91DF41F1B0020A7E9 /* Release */ = {
			isa = XCBuildConfiguration;
			buildSettings = {
				ASSETCATALOG_COMPILER_APPICON_NAME = AppIcon;
				DEVELOPMENT_TEAM = 7CZ8CAJJXF;
				INFOPLIST_FILE = test/Info.plist;
				LD_RUNPATH_SEARCH_PATHS = "$(inherited) @executable_path/Frameworks";
				PRODUCT_BUNDLE_IDENTIFIER = com.atilsamancioglu.test;
				PRODUCT_NAME = "$(TARGET_NAME)";
				SWIFT_VERSION = 3.0;
			};
			name = Release;
		};
/* End XCBuildConfiguration section */

/* Begin XCConfigurationList section */
		FC32ACD01DF41F1A0020A7E9 /* Build configuration list for PBXProject "test" */ = {
			isa = XCConfigurationList;
			buildConfigurations = (
				FC32ACE51DF41F1B0020A7E9 /* Debug */,
				FC32ACE61DF41F1B0020A7E9 /* Release */,
			);
			defaultConfigurationIsVisible = 0;
			defaultConfigurationName = Release;
		};
		FC32ACE71DF41F1B0020A7E9 /* Build configuration list for PBXNativeTarget "test" */ = {
			isa = XCConfigurationList;
			buildConfigurations = (
				FC32ACE81DF41F1B0020A7E9 /* Debug */,
				FC32ACE91DF41F1B0020A7E9 /* Release */,
			);
			defaultConfigurationIsVisible = 0;
		};
/* End XCConfigurationList section */
	};
	rootObject = FC32ACCD1DF41F1A0020A7E9 /* Project object */;
}
